// !$*UTF8*$!
{
	archiveVersion = 1;
	classes = {
	};
	objectVersion = 50;
	objects = {

/* Begin PBXBuildFile section */
		58A867E374A55272320F51EB /* libPods-Instapad.a in Frameworks */ = {isa = PBXBuildFile; fileRef = 18CBB1EAE78F74D75E25E586 /* libPods-Instapad.a */; };
		BE53B54720E1D41F0039019B /* AppDelegate.swift in Sources */ = {isa = PBXBuildFile; fileRef = BE53B54620E1D41F0039019B /* AppDelegate.swift */; };
		BE53B54920E1D41F0039019B /* ViewController.swift in Sources */ = {isa = PBXBuildFile; fileRef = BE53B54820E1D41F0039019B /* ViewController.swift */; };
		BE53B54C20E1D41F0039019B /* Main.storyboard in Resources */ = {isa = PBXBuildFile; fileRef = BE53B54A20E1D41F0039019B /* Main.storyboard */; };
		BE53B55120E1D4370039019B /* LaunchScreen.storyboard in Resources */ = {isa = PBXBuildFile; fileRef = BE53B54F20E1D4370039019B /* LaunchScreen.storyboard */; };
		EE9B440A20E2CEF50042D3D9 /* StoreKit.framework in Frameworks */ = {isa = PBXBuildFile; fileRef = EE9B440920E2CEF50042D3D9 /* StoreKit.framework */; };
		EE9B440C20E2D0120042D3D9 /* IAPHandler.swift in Sources */ = {isa = PBXBuildFile; fileRef = EE9B440B20E2D0120042D3D9 /* IAPHandler.swift */; };
		EE9B440E20E3831C0042D3D9 /* ProductIdentifiers.plist in Resources */ = {isa = PBXBuildFile; fileRef = EE9B440D20E3831C0042D3D9 /* ProductIdentifiers.plist */; };
		EE9B441020E3931F0042D3D9 /* Assets.xcassets in Resources */ = {isa = PBXBuildFile; fileRef = EE9B440F20E3931F0042D3D9 /* Assets.xcassets */; };
/* End PBXBuildFile section */

/* Begin PBXFileReference section */
		18CBB1EAE78F74D75E25E586 /* libPods-Instapad.a */ = {isa = PBXFileReference; explicitFileType = archive.ar; includeInIndex = 0; path = "libPods-Instapad.a"; sourceTree = BUILT_PRODUCTS_DIR; };
		1E9E5A0DD224A645C57F538B /* Pods-Instapad.release.xcconfig */ = {isa = PBXFileReference; includeInIndex = 1; lastKnownFileType = text.xcconfig; name = "Pods-Instapad.release.xcconfig"; path = "Pods/Target Support Files/Pods-Instapad/Pods-Instapad.release.xcconfig"; sourceTree = "<group>"; };
		BE53B54320E1D41E0039019B /* Instapad.app */ = {isa = PBXFileReference; explicitFileType = wrapper.application; includeInIndex = 0; path = Instapad.app; sourceTree = BUILT_PRODUCTS_DIR; };
		BE53B54620E1D41F0039019B /* AppDelegate.swift */ = {isa = PBXFileReference; lastKnownFileType = sourcecode.swift; path = AppDelegate.swift; sourceTree = "<group>"; };
		BE53B54820E1D41F0039019B /* ViewController.swift */ = {isa = PBXFileReference; lastKnownFileType = sourcecode.swift; path = ViewController.swift; sourceTree = "<group>"; };
		BE53B54B20E1D41F0039019B /* Base */ = {isa = PBXFileReference; lastKnownFileType = file.storyboard; name = Base; path = Base.lproj/Main.storyboard; sourceTree = "<group>"; };
		BE53B55020E1D4370039019B /* Base */ = {isa = PBXFileReference; lastKnownFileType = file.storyboard; name = Base; path = Base.lproj/LaunchScreen.storyboard; sourceTree = "<group>"; };
		BE53B55220E1D4370039019B /* Info.plist */ = {isa = PBXFileReference; lastKnownFileType = text.plist.xml; path = Info.plist; sourceTree = "<group>"; };
		E90C4545CF0A4C29FD80F630 /* Pods-Instapad.debug.xcconfig */ = {isa = PBXFileReference; includeInIndex = 1; lastKnownFileType = text.xcconfig; name = "Pods-Instapad.debug.xcconfig"; path = "Pods/Target Support Files/Pods-Instapad/Pods-Instapad.debug.xcconfig"; sourceTree = "<group>"; };
		EE9B440920E2CEF50042D3D9 /* StoreKit.framework */ = {isa = PBXFileReference; lastKnownFileType = wrapper.framework; name = StoreKit.framework; path = System/Library/Frameworks/StoreKit.framework; sourceTree = SDKROOT; };
		EE9B440B20E2D0120042D3D9 /* IAPHandler.swift */ = {isa = PBXFileReference; lastKnownFileType = sourcecode.swift; path = IAPHandler.swift; sourceTree = "<group>"; };
		EE9B440D20E3831C0042D3D9 /* ProductIdentifiers.plist */ = {isa = PBXFileReference; lastKnownFileType = text.plist.xml; path = ProductIdentifiers.plist; sourceTree = "<group>"; };
		EE9B440F20E3931F0042D3D9 /* Assets.xcassets */ = {isa = PBXFileReference; lastKnownFileType = folder.assetcatalog; path = Assets.xcassets; sourceTree = "<group>"; };
/* End PBXFileReference section */

/* Begin PBXFrameworksBuildPhase section */
		BE53B54020E1D41E0039019B /* Frameworks */ = {
			isa = PBXFrameworksBuildPhase;
			buildActionMask = 2147483647;
			files = (
				58A867E374A55272320F51EB /* libPods-Instapad.a in Frameworks */,
				EE9B440A20E2CEF50042D3D9 /* StoreKit.framework in Frameworks */,
			);
			runOnlyForDeploymentPostprocessing = 0;
		};
/* End PBXFrameworksBuildPhase section */

/* Begin PBXGroup section */
		B4FBFD8A843717687A0992C7 /* Pods */ = {
			isa = PBXGroup;
			children = (
				E90C4545CF0A4C29FD80F630 /* Pods-Instapad.debug.xcconfig */,
				1E9E5A0DD224A645C57F538B /* Pods-Instapad.release.xcconfig */,
			);
			name = Pods;
			sourceTree = "<group>";
		};
		B7B8645281614CB9C1848058 /* Frameworks */ = {
			isa = PBXGroup;
			children = (
				EE9B440920E2CEF50042D3D9 /* StoreKit.framework */,
				18CBB1EAE78F74D75E25E586 /* libPods-Instapad.a */,
			);
			name = Frameworks;
			sourceTree = "<group>";
		};
		BE53B53A20E1D41E0039019B = {
			isa = PBXGroup;
			children = (
				BE53B54520E1D41E0039019B /* Instapad */,
				BE53B54420E1D41E0039019B /* Products */,
				B4FBFD8A843717687A0992C7 /* Pods */,
				B7B8645281614CB9C1848058 /* Frameworks */,
			);
			sourceTree = "<group>";
		};
		BE53B54420E1D41E0039019B /* Products */ = {
			isa = PBXGroup;
			children = (
				BE53B54320E1D41E0039019B /* Instapad.app */,
			);
			name = Products;
			sourceTree = "<group>";
		};
		BE53B54520E1D41E0039019B /* Instapad */ = {
			isa = PBXGroup;
			children = (
				BE53B54620E1D41F0039019B /* AppDelegate.swift */,
				BE53B54820E1D41F0039019B /* ViewController.swift */,
				BE53B54A20E1D41F0039019B /* Main.storyboard */,
				BE53B54F20E1D4370039019B /* LaunchScreen.storyboard */,
				EE9B440F20E3931F0042D3D9 /* Assets.xcassets */,
				BE53B55220E1D4370039019B /* Info.plist */,
				EE9B440B20E2D0120042D3D9 /* IAPHandler.swift */,
				EE9B440D20E3831C0042D3D9 /* ProductIdentifiers.plist */,
			);
			path = Instapad;
			sourceTree = "<group>";
		};
/* End PBXGroup section */

/* Begin PBXNativeTarget section */
		BE53B54220E1D41E0039019B /* Instapad */ = {
			isa = PBXNativeTarget;
			buildConfigurationList = BE53B55520E1D4370039019B /* Build configuration list for PBXNativeTarget "Instapad" */;
			buildPhases = (
				022A2AE7B607739912930312 /* [CP] Check Pods Manifest.lock */,
				BE53B53F20E1D41E0039019B /* Sources */,
				BE53B54020E1D41E0039019B /* Frameworks */,
				BE53B54120E1D41E0039019B /* Resources */,
			);
			buildRules = (
			);
			dependencies = (
			);
			name = Instapad;
			productName = Instapad;
			productReference = BE53B54320E1D41E0039019B /* Instapad.app */;
			productType = "com.apple.product-type.application";
		};
/* End PBXNativeTarget section */

/* Begin PBXProject section */
		BE53B53B20E1D41E0039019B /* Project object */ = {
			isa = PBXProject;
			attributes = {
				LastSwiftUpdateCheck = 0930;
				LastUpgradeCheck = 0930;
				ORGANIZATIONNAME = "Victor Melo";
				TargetAttributes = {
					BE53B54220E1D41E0039019B = {
						CreatedOnToolsVersion = 9.3;
						SystemCapabilities = {
							com.apple.InAppPurchase = {
								enabled = 1;
							};
						};
					};
				};
			};
			buildConfigurationList = BE53B53E20E1D41E0039019B /* Build configuration list for PBXProject "Instapad" */;
			compatibilityVersion = "Xcode 9.3";
			developmentRegion = en;
			hasScannedForEncodings = 0;
			knownRegions = (
				en,
				Base,
			);
			mainGroup = BE53B53A20E1D41E0039019B;
			productRefGroup = BE53B54420E1D41E0039019B /* Products */;
			projectDirPath = "";
			projectRoot = "";
			targets = (
				BE53B54220E1D41E0039019B /* Instapad */,
			);
		};
/* End PBXProject section */

/* Begin PBXResourcesBuildPhase section */
		BE53B54120E1D41E0039019B /* Resources */ = {
			isa = PBXResourcesBuildPhase;
			buildActionMask = 2147483647;
			files = (
				BE53B55120E1D4370039019B /* LaunchScreen.storyboard in Resources */,
				EE9B440E20E3831C0042D3D9 /* ProductIdentifiers.plist in Resources */,
				EE9B441020E3931F0042D3D9 /* Assets.xcassets in Resources */,
				BE53B54C20E1D41F0039019B /* Main.storyboard in Resources */,
			);
			runOnlyForDeploymentPostprocessing = 0;
		};
/* End PBXResourcesBuildPhase section */

/* Begin PBXShellScriptBuildPhase section */
		022A2AE7B607739912930312 /* [CP] Check Pods Manifest.lock */ = {
			isa = PBXShellScriptBuildPhase;
			buildActionMask = 2147483647;
			files = (
			);
			inputPaths = (
				"${PODS_PODFILE_DIR_PATH}/Podfile.lock",
				"${PODS_ROOT}/Manifest.lock",
			);
			name = "[CP] Check Pods Manifest.lock";
			outputPaths = (
				"$(DERIVED_FILE_DIR)/Pods-Instapad-checkManifestLockResult.txt",
			);
			runOnlyForDeploymentPostprocessing = 0;
			shellPath = /bin/sh;
			shellScript = "diff \"${PODS_PODFILE_DIR_PATH}/Podfile.lock\" \"${PODS_ROOT}/Manifest.lock\" > /dev/null\nif [ $? != 0 ] ; then\n    # print error to STDERR\n    echo \"error: The sandbox is not in sync with the Podfile.lock. Run 'pod install' or update your CocoaPods installation.\" >&2\n    exit 1\nfi\n# This output is used by Xcode 'outputs' to avoid re-running this script phase.\necho \"SUCCESS\" > \"${SCRIPT_OUTPUT_FILE_0}\"\n";
			showEnvVarsInLog = 0;
		};
/* End PBXShellScriptBuildPhase section */

/* Begin PBXSourcesBuildPhase section */
		BE53B53F20E1D41E0039019B /* Sources */ = {
			isa = PBXSourcesBuildPhase;
			buildActionMask = 2147483647;
			files = (
				EE9B440C20E2D0120042D3D9 /* IAPHandler.swift in Sources */,
				BE53B54920E1D41F0039019B /* ViewController.swift in Sources */,
				BE53B54720E1D41F0039019B /* AppDelegate.swift in Sources */,
			);
			runOnlyForDeploymentPostprocessing = 0;
		};
/* End PBXSourcesBuildPhase section */

/* Begin PBXVariantGroup section */
		BE53B54A20E1D41F0039019B /* Main.storyboard */ = {
			isa = PBXVariantGroup;
			children = (
				BE53B54B20E1D41F0039019B /* Base */,
			);
			name = Main.storyboard;
			sourceTree = "<group>";
		};
		BE53B54F20E1D4370039019B /* LaunchScreen.storyboard */ = {
			isa = PBXVariantGroup;
			children = (
				BE53B55020E1D4370039019B /* Base */,
			);
			name = LaunchScreen.storyboard;
			sourceTree = "<group>";
		};
/* End PBXVariantGroup section */

/* Begin XCBuildConfiguration section */
		BE53B55320E1D4370039019B /* Debug */ = {
			isa = XCBuildConfiguration;
			buildSettings = {
				ALWAYS_SEARCH_USER_PATHS = NO;
				CLANG_ANALYZER_NONNULL = YES;
				CLANG_ANALYZER_NUMBER_OBJECT_CONVERSION = YES_AGGRESSIVE;
				CLANG_CXX_LANGUAGE_STANDARD = "gnu++14";
				CLANG_CXX_LIBRARY = "libc++";
				CLANG_ENABLE_MODULES = YES;
				CLANG_ENABLE_OBJC_ARC = YES;
				CLANG_ENABLE_OBJC_WEAK = YES;
				CLANG_WARN_BLOCK_CAPTURE_AUTORELEASING = YES;
				CLANG_WARN_BOOL_CONVERSION = YES;
				CLANG_WARN_COMMA = YES;
				CLANG_WARN_CONSTANT_CONVERSION = YES;
				CLANG_WARN_DEPRECATED_OBJC_IMPLEMENTATIONS = YES;
				CLANG_WARN_DIRECT_OBJC_ISA_USAGE = YES_ERROR;
				CLANG_WARN_DOCUMENTATION_COMMENTS = YES;
				CLANG_WARN_EMPTY_BODY = YES;
				CLANG_WARN_ENUM_CONVERSION = YES;
				CLANG_WARN_INFINITE_RECURSION = YES;
				CLANG_WARN_INT_CONVERSION = YES;
				CLANG_WARN_NON_LITERAL_NULL_CONVERSION = YES;
				CLANG_WARN_OBJC_IMPLICIT_RETAIN_SELF = YES;
				CLANG_WARN_OBJC_LITERAL_CONVERSION = YES;
				CLANG_WARN_OBJC_ROOT_CLASS = YES_ERROR;
				CLANG_WARN_RANGE_LOOP_ANALYSIS = YES;
				CLANG_WARN_STRICT_PROTOTYPES = YES;
				CLANG_WARN_SUSPICIOUS_MOVE = YES;
				CLANG_WARN_UNGUARDED_AVAILABILITY = YES_AGGRESSIVE;
				CLANG_WARN_UNREACHABLE_CODE = YES;
				CLANG_WARN__DUPLICATE_METHOD_MATCH = YES;
				CODE_SIGN_IDENTITY = "iPhone Developer";
				COPY_PHASE_STRIP = NO;
				DEBUG_INFORMATION_FORMAT = dwarf;
				ENABLE_STRICT_OBJC_MSGSEND = YES;
				ENABLE_TESTABILITY = YES;
				GCC_C_LANGUAGE_STANDARD = gnu11;
				GCC_DYNAMIC_NO_PIC = NO;
				GCC_NO_COMMON_BLOCKS = YES;
				GCC_OPTIMIZATION_LEVEL = 0;
				GCC_PREPROCESSOR_DEFINITIONS = (
					"DEBUG=1",
					"$(inherited)",
				);
				GCC_WARN_64_TO_32_BIT_CONVERSION = YES;
				GCC_WARN_ABOUT_RETURN_TYPE = YES_ERROR;
				GCC_WARN_UNDECLARED_SELECTOR = YES;
				GCC_WARN_UNINITIALIZED_AUTOS = YES_AGGRESSIVE;
				GCC_WARN_UNUSED_FUNCTION = YES;
				GCC_WARN_UNUSED_VARIABLE = YES;
				IPHONEOS_DEPLOYMENT_TARGET = 11.3;
				MTL_ENABLE_DEBUG_INFO = YES;
				ONLY_ACTIVE_ARCH = YES;
				SDKROOT = iphoneos;
				SWIFT_ACTIVE_COMPILATION_CONDITIONS = DEBUG;
				SWIFT_OPTIMIZATION_LEVEL = "-Onone";
			};
			name = Debug;
		};
		BE53B55420E1D4370039019B /* Release */ = {
			isa = XCBuildConfiguration;
			buildSettings = {
				ALWAYS_SEARCH_USER_PATHS = NO;
				CLANG_ANALYZER_NONNULL = YES;
				CLANG_ANALYZER_NUMBER_OBJECT_CONVERSION = YES_AGGRESSIVE;
				CLANG_CXX_LANGUAGE_STANDARD = "gnu++14";
				CLANG_CXX_LIBRARY = "libc++";
				CLANG_ENABLE_MODULES = YES;
				CLANG_ENABLE_OBJC_ARC = YES;
				CLANG_ENABLE_OBJC_WEAK = YES;
				CLANG_WARN_BLOCK_CAPTURE_AUTORELEASING = YES;
				CLANG_WARN_BOOL_CONVERSION = YES;
				CLANG_WARN_COMMA = YES;
				CLANG_WARN_CONSTANT_CONVERSION = YES;
				CLANG_WARN_DEPRECATED_OBJC_IMPLEMENTATIONS = YES;
				CLANG_WARN_DIRECT_OBJC_ISA_USAGE = YES_ERROR;
				CLANG_WARN_DOCUMENTATION_COMMENTS = YES;
				CLANG_WARN_EMPTY_BODY = YES;
				CLANG_WARN_ENUM_CONVERSION = YES;
				CLANG_WARN_INFINITE_RECURSION = YES;
				CLANG_WARN_INT_CONVERSION = YES;
				CLANG_WARN_NON_LITERAL_NULL_CONVERSION = YES;
				CLANG_WARN_OBJC_IMPLICIT_RETAIN_SELF = YES;
				CLANG_WARN_OBJC_LITERAL_CONVERSION = YES;
				CLANG_WARN_OBJC_ROOT_CLASS = YES_ERROR;
				CLANG_WARN_RANGE_LOOP_ANALYSIS = YES;
				CLANG_WARN_STRICT_PROTOTYPES = YES;
				CLANG_WARN_SUSPICIOUS_MOVE = YES;
				CLANG_WARN_UNGUARDED_AVAILABILITY = YES_AGGRESSIVE;
				CLANG_WARN_UNREACHABLE_CODE = YES;
				CLANG_WARN__DUPLICATE_METHOD_MATCH = YES;
				CODE_SIGN_IDENTITY = "iPhone Developer";
				COPY_PHASE_STRIP = NO;
				DEBUG_INFORMATION_FORMAT = "dwarf-with-dsym";
				ENABLE_NS_ASSERTIONS = NO;
				ENABLE_STRICT_OBJC_MSGSEND = YES;
				GCC_C_LANGUAGE_STANDARD = gnu11;
				GCC_NO_COMMON_BLOCKS = YES;
				GCC_WARN_64_TO_32_BIT_CONVERSION = YES;
				GCC_WARN_ABOUT_RETURN_TYPE = YES_ERROR;
				GCC_WARN_UNDECLARED_SELECTOR = YES;
				GCC_WARN_UNINITIALIZED_AUTOS = YES_AGGRESSIVE;
				GCC_WARN_UNUSED_FUNCTION = YES;
				GCC_WARN_UNUSED_VARIABLE = YES;
				IPHONEOS_DEPLOYMENT_TARGET = 11.3;
				MTL_ENABLE_DEBUG_INFO = NO;
				SDKROOT = iphoneos;
				SWIFT_COMPILATION_MODE = wholemodule;
				SWIFT_OPTIMIZATION_LEVEL = "-O";
				VALIDATE_PRODUCT = YES;
			};
			name = Release;
		};
		BE53B55620E1D4370039019B /* Debug */ = {
			isa = XCBuildConfiguration;
			baseConfigurationReference = E90C4545CF0A4C29FD80F630 /* Pods-Instapad.debug.xcconfig */;
			buildSettings = {
				ASSETCATALOG_COMPILER_APPICON_NAME = AppIcon;
				CODE_SIGN_STYLE = Automatic;
				DEVELOPMENT_TEAM = Y93HUJS49V;
				INFOPLIST_FILE = Instapad/Info.plist;
				IPHONEOS_DEPLOYMENT_TARGET = 10.2;
				LD_RUNPATH_SEARCH_PATHS = (
					"$(inherited)",
					"@executable_path/Frameworks",
				);
				PRODUCT_BUNDLE_IDENTIFIER = br.com.victormelo.Instapad;
				PRODUCT_NAME = "$(TARGET_NAME)";
				SWIFT_VERSION = 4.0;
				TARGETED_DEVICE_FAMILY = 2;
			};
			name = Debug;
		};
		BE53B55720E1D4370039019B /* Release */ = {
			isa = XCBuildConfiguration;
			baseConfigurationReference = 1E9E5A0DD224A645C57F538B /* Pods-Instapad.release.xcconfig */;
			buildSettings = {
				ASSETCATALOG_COMPILER_APPICON_NAME = AppIcon;
				CODE_SIGN_STYLE = Automatic;
				DEVELOPMENT_TEAM = Y93HUJS49V;
				INFOPLIST_FILE = Instapad/Info.plist;
				IPHONEOS_DEPLOYMENT_TARGET = 10.2;
				LD_RUNPATH_SEARCH_PATHS = (
					"$(inherited)",
					"@executable_path/Frameworks",
				);
				PRODUCT_BUNDLE_IDENTIFIER = br.com.victormelo.Instapad;
				PRODUCT_NAME = "$(TARGET_NAME)";
				SWIFT_VERSION = 4.0;
				TARGETED_DEVICE_FAMILY = 2;
			};
			name = Release;
		};
/* End XCBuildConfiguration section */

/* Begin XCConfigurationList section */
		BE53B53E20E1D41E0039019B /* Build configuration list for PBXProject "Instapad" */ = {
			isa = XCConfigurationList;
			buildConfigurations = (
				BE53B55320E1D4370039019B /* Debug */,
				BE53B55420E1D4370039019B /* Release */,
			);
			defaultConfigurationIsVisible = 0;
			defaultConfigurationName = Release;
		};
		BE53B55520E1D4370039019B /* Build configuration list for PBXNativeTarget "Instapad" */ = {
			isa = XCConfigurationList;
			buildConfigurations = (
				BE53B55620E1D4370039019B /* Debug */,
				BE53B55720E1D4370039019B /* Release */,
			);
			defaultConfigurationIsVisible = 0;
			defaultConfigurationName = Release;
		};
/* End XCConfigurationList section */
	};
	rootObject = BE53B53B20E1D41E0039019B /* Project object */;
}
